
Microsoft Visual Studio Solution File, Format Version 12.00
# Visual Studio Version 16
VisualStudioVersion = 16.0.31229.75
MinimumVisualStudioVersion = 10.0.40219.1
Project("{FAE04EC0-301F-11D3-BF4B-00C04F79EFBC}") = "AppProducts.Api", "src\AppProducts.Api\AppProducts.Api.csproj", "{F12CE118-F9B6-4339-BBDB-3248933CD1AC}"
EndProject
Global
	GlobalSection(SolutionConfigurationPlatforms) = preSolution
		Debug|Any CPU = Debug|Any CPU
		Release|Any CPU = Release|Any CPU
	EndGlobalSection
	GlobalSection(ProjectConfigurationPlatforms) = postSolution
		{F12CE118-F9B6-4339-BBDB-3248933CD1AC}.Debug|Any CPU.ActiveCfg = Debug|Any CPU
		{F12CE118-F9B6-4339-BBDB-3248933CD1AC}.Debug|Any CPU.Build.0 = Debug|Any CPU
		{F12CE118-F9B6-4339-BBDB-3248933CD1AC}.Release|Any CPU.ActiveCfg = Release|Any CPU
		{F12CE118-F9B6-4339-BBDB-3248933CD1AC}.Release|Any CPU.Build.0 = Release|Any CPU
	EndGlobalSection
	GlobalSection(SolutionProperties) = preSolution
		HideSolutionNode = FALSE
	EndGlobalSection
	GlobalSection(ExtensibilityGlobals) = postSolution
		SolutionGuid = {3A4CB2BB-1F39-46A7-9B66-D114B0E4C7E0}
	EndGlobalSection
EndGlobal
